
Microsoft Visual Studio Solution File, Format Version 12.00
# Visual Studio 14
VisualStudioVersion = 14.0.25420.1
MinimumVisualStudioVersion = 10.0.40219.1
Project("{2150E333-8FDC-42A3-9474-1A3956D46DE8}") = "src", "src", "{6C193746-9BA1-407F-8045-687259AB762A}"
EndProject
Project("{2150E333-8FDC-42A3-9474-1A3956D46DE8}") = "Solution Items", "Solution Items", "{389FCA6F-7C97-4754-BCE4-7734651C0785}"
	ProjectSection(SolutionItems) = preProject
		global.json = global.json
	EndProjectSection
EndProject
Project("{8BB2217D-0F2D-49D1-97BC-3654ED321F3B}") = "ExploreCalifornia", "src\ExploreCalifornia\ExploreCalifornia.xproj", "{1E17E76A-3A1D-4D87-8AFE-B409C8E87648}"
EndProject
Global
	GlobalSection(SolutionConfigurationPlatforms) = preSolution
		Debug|Any CPU = Debug|Any CPU
		Release|Any CPU = Release|Any CPU
	EndGlobalSection
	GlobalSection(ProjectConfigurationPlatforms) = postSolution
		{1E17E76A-3A1D-4D87-8AFE-B409C8E87648}.Debug|Any CPU.ActiveCfg = Debug|Any CPU
		{1E17E76A-3A1D-4D87-8AFE-B409C8E87648}.Debug|Any CPU.Build.0 = Debug|Any CPU
		{1E17E76A-3A1D-4D87-8AFE-B409C8E87648}.Release|Any CPU.ActiveCfg = Release|Any CPU
		{1E17E76A-3A1D-4D87-8AFE-B409C8E87648}.Release|Any CPU.Build.0 = Release|Any CPU
	EndGlobalSection
	GlobalSection(SolutionProperties) = preSolution
		HideSolutionNode = FALSE
	EndGlobalSection
	GlobalSection(NestedProjects) = preSolution
		{1E17E76A-3A1D-4D87-8AFE-B409C8E87648} = {6C193746-9BA1-407F-8045-687259AB762A}
	EndGlobalSection
EndGlobal
